{
  "name": "open-abap-sadl",
  "version": "1.0.0",
  "lockfileVersion": 3,
  "requires": true,
  "packages": {
    "": {
      "name": "open-abap-sadl",
      "version": "1.0.0",
      "dependencies": {
        "@abaplint/cli": "^2.119.53"
      }
    },
    "node_modules/@abaplint/cli": {
      "version": "2.119.53",
      "resolved": "https://registry.npmjs.org/@abaplint/cli/-/cli-2.119.53.tgz",
      "integrity": "sha512-pQW0OM8VGxpc1peBb7mwCxRp8I3KvWlMWS3Ffr2IVMy4GfBJHVXaxCVb1XGCIHpvaU3+bequ/3odSSTT3S8Cbg==",
      "license": "MIT",
      "bin": {
        "abaplint": "abaplint"
      },
      "engines": {
        "node": ">=18.0.0"
      },
      "funding": {
        "url": "https://github.com/sponsors/larshp"
      }
    }
  }
}
